// !$*UTF8*$!
{
	archiveVersion = 1;
	classes = {
	};
	objectVersion = 56;
	objects = {

/* Begin PBXBuildFile section */
		AAC83D746FB8CA89457D9C84 /* libPods-ios11-using-rn.a in Frameworks */ = {isa = PBXBuildFile; fileRef = 03399FD5C47ABBC2C2EB8973 /* libPods-ios11-using-rn.a */; };
		B52927742A82333900E3E970 /* AppDelegate.swift in Sources */ = {isa = PBXBuildFile; fileRef = B52927732A82333900E3E970 /* AppDelegate.swift */; };
		B52927782A82333900E3E970 /* ViewController.swift in Sources */ = {isa = PBXBuildFile; fileRef = B52927772A82333900E3E970 /* ViewController.swift */; };
		B529277B2A82333900E3E970 /* Main.storyboard in Resources */ = {isa = PBXBuildFile; fileRef = B52927792A82333900E3E970 /* Main.storyboard */; };
		B529277D2A82333A00E3E970 /* Assets.xcassets in Resources */ = {isa = PBXBuildFile; fileRef = B529277C2A82333A00E3E970 /* Assets.xcassets */; };
		B52927802A82333A00E3E970 /* LaunchScreen.storyboard in Resources */ = {isa = PBXBuildFile; fileRef = B529277E2A82333A00E3E970 /* LaunchScreen.storyboard */; };
		B5B5C5802A824F50002BB32E /* librn68.a in Frameworks */ = {isa = PBXBuildFile; fileRef = B5B5C57F2A824F50002BB32E /* librn68.a */; };
/* End PBXBuildFile section */

/* Begin PBXFileReference section */
		03399FD5C47ABBC2C2EB8973 /* libPods-ios11-using-rn.a */ = {isa = PBXFileReference; explicitFileType = archive.ar; includeInIndex = 0; path = "libPods-ios11-using-rn.a"; sourceTree = BUILT_PRODUCTS_DIR; };
		11B94F11A6281C61AAFCE47C /* Pods-ios11-using-rn.debug.xcconfig */ = {isa = PBXFileReference; includeInIndex = 1; lastKnownFileType = text.xcconfig; name = "Pods-ios11-using-rn.debug.xcconfig"; path = "Target Support Files/Pods-ios11-using-rn/Pods-ios11-using-rn.debug.xcconfig"; sourceTree = "<group>"; };
		AE17D9B14070B5D9406BA70A /* Pods-ios11-using-rn.release.xcconfig */ = {isa = PBXFileReference; includeInIndex = 1; lastKnownFileType = text.xcconfig; name = "Pods-ios11-using-rn.release.xcconfig"; path = "Target Support Files/Pods-ios11-using-rn/Pods-ios11-using-rn.release.xcconfig"; sourceTree = "<group>"; };
		B52927702A82333900E3E970 /* ios11-using-rn.app */ = {isa = PBXFileReference; explicitFileType = wrapper.application; includeInIndex = 0; path = "ios11-using-rn.app"; sourceTree = BUILT_PRODUCTS_DIR; };
		B52927732A82333900E3E970 /* AppDelegate.swift */ = {isa = PBXFileReference; lastKnownFileType = sourcecode.swift; path = AppDelegate.swift; sourceTree = "<group>"; };
		B52927772A82333900E3E970 /* ViewController.swift */ = {isa = PBXFileReference; lastKnownFileType = sourcecode.swift; path = ViewController.swift; sourceTree = "<group>"; };
		B529277A2A82333900E3E970 /* Base */ = {isa = PBXFileReference; lastKnownFileType = file.storyboard; name = Base; path = Base.lproj/Main.storyboard; sourceTree = "<group>"; };
		B529277C2A82333A00E3E970 /* Assets.xcassets */ = {isa = PBXFileReference; lastKnownFileType = folder.assetcatalog; path = Assets.xcassets; sourceTree = "<group>"; };
		B529277F2A82333A00E3E970 /* Base */ = {isa = PBXFileReference; lastKnownFileType = file.storyboard; name = Base; path = Base.lproj/LaunchScreen.storyboard; sourceTree = "<group>"; };
		B52927812A82333A00E3E970 /* Info.plist */ = {isa = PBXFileReference; lastKnownFileType = text.plist.xml; path = Info.plist; sourceTree = "<group>"; };
		B5B5C57F2A824F50002BB32E /* librn68.a */ = {isa = PBXFileReference; explicitFileType = archive.ar; path = librn68.a; sourceTree = BUILT_PRODUCTS_DIR; };
/* End PBXFileReference section */

/* Begin PBXFrameworksBuildPhase section */
		B529276D2A82333900E3E970 /* Frameworks */ = {
			isa = PBXFrameworksBuildPhase;
			buildActionMask = 2147483647;
			files = (
				AAC83D746FB8CA89457D9C84 /* libPods-ios11-using-rn.a in Frameworks */,
				B5B5C5802A824F50002BB32E /* librn68.a in Frameworks */,
			);
			runOnlyForDeploymentPostprocessing = 0;
		};
/* End PBXFrameworksBuildPhase section */

/* Begin PBXGroup section */
		70477A2A4BBD3D1B53993F39 /* Pods */ = {
			isa = PBXGroup;
			children = (
				11B94F11A6281C61AAFCE47C /* Pods-ios11-using-rn.debug.xcconfig */,
				AE17D9B14070B5D9406BA70A /* Pods-ios11-using-rn.release.xcconfig */,
			);
			path = Pods;
			sourceTree = "<group>";
		};
		B52927672A82333900E3E970 = {
			isa = PBXGroup;
			children = (
				B52927722A82333900E3E970 /* ios11-using-rn */,
				B52927712A82333900E3E970 /* Products */,
				70477A2A4BBD3D1B53993F39 /* Pods */,
				D5B7E239BA00DAD6E63181A0 /* Frameworks */,
			);
			sourceTree = "<group>";
		};
		B52927712A82333900E3E970 /* Products */ = {
			isa = PBXGroup;
			children = (
				B52927702A82333900E3E970 /* ios11-using-rn.app */,
			);
			name = Products;
			sourceTree = "<group>";
		};
		B52927722A82333900E3E970 /* ios11-using-rn */ = {
			isa = PBXGroup;
			children = (
				B52927732A82333900E3E970 /* AppDelegate.swift */,
				B52927772A82333900E3E970 /* ViewController.swift */,
				B52927792A82333900E3E970 /* Main.storyboard */,
				B529277C2A82333A00E3E970 /* Assets.xcassets */,
				B529277E2A82333A00E3E970 /* LaunchScreen.storyboard */,
				B52927812A82333A00E3E970 /* Info.plist */,
			);
			path = "ios11-using-rn";
			sourceTree = "<group>";
		};
		D5B7E239BA00DAD6E63181A0 /* Frameworks */ = {
			isa = PBXGroup;
			children = (
				B5B5C57F2A824F50002BB32E /* librn68.a */,
				03399FD5C47ABBC2C2EB8973 /* libPods-ios11-using-rn.a */,
			);
			name = Frameworks;
			sourceTree = "<group>";
		};
/* End PBXGroup section */

/* Begin PBXNativeTarget section */
		B529276F2A82333900E3E970 /* ios11-using-rn */ = {
			isa = PBXNativeTarget;
			buildConfigurationList = B52927842A82333A00E3E970 /* Build configuration list for PBXNativeTarget "ios11-using-rn" */;
			buildPhases = (
				E4E312D4EBBAE9B7393EC830 /* [CP] Check Pods Manifest.lock */,
				B529276C2A82333900E3E970 /* Sources */,
				B529276D2A82333900E3E970 /* Frameworks */,
				B529276E2A82333900E3E970 /* Resources */,
				693E7BCACA479981DAA6E2EE /* [CP] Embed Pods Frameworks */,
				CF0BBF3651899662E17DE208 /* [CP] Copy Pods Resources */,
			);
			buildRules = (
			);
			dependencies = (
			);
			name = "ios11-using-rn";
			productName = "ios11-using-rn";
			productReference = B52927702A82333900E3E970 /* ios11-using-rn.app */;
			productType = "com.apple.product-type.application";
		};
/* End PBXNativeTarget section */

/* Begin PBXProject section */
		B52927682A82333900E3E970 /* Project object */ = {
			isa = PBXProject;
			attributes = {
				BuildIndependentTargetsInParallel = 1;
				LastSwiftUpdateCheck = 1420;
				LastUpgradeCheck = 1420;
				TargetAttributes = {
					B529276F2A82333900E3E970 = {
						CreatedOnToolsVersion = 14.2;
					};
				};
			};
			buildConfigurationList = B529276B2A82333900E3E970 /* Build configuration list for PBXProject "ios11-using-rn" */;
			compatibilityVersion = "Xcode 14.0";
			developmentRegion = en;
			hasScannedForEncodings = 0;
			knownRegions = (
				en,
				Base,
			);
			mainGroup = B52927672A82333900E3E970;
			productRefGroup = B52927712A82333900E3E970 /* Products */;
			projectDirPath = "";
			projectRoot = "";
			targets = (
				B529276F2A82333900E3E970 /* ios11-using-rn */,
			);
		};
/* End PBXProject section */

/* Begin PBXResourcesBuildPhase section */
		B529276E2A82333900E3E970 /* Resources */ = {
			isa = PBXResourcesBuildPhase;
			buildActionMask = 2147483647;
			files = (
				B52927802A82333A00E3E970 /* LaunchScreen.storyboard in Resources */,
				B529277D2A82333A00E3E970 /* Assets.xcassets in Resources */,
				B529277B2A82333900E3E970 /* Main.storyboard in Resources */,
			);
			runOnlyForDeploymentPostprocessing = 0;
		};
/* End PBXResourcesBuildPhase section */

/* Begin PBXShellScriptBuildPhase section */
		693E7BCACA479981DAA6E2EE /* [CP] Embed Pods Frameworks */ = {
			isa = PBXShellScriptBuildPhase;
			buildActionMask = 2147483647;
			files = (
			);
			inputFileListPaths = (
				"${PODS_ROOT}/Target Support Files/Pods-ios11-using-rn/Pods-ios11-using-rn-frameworks-${CONFIGURATION}-input-files.xcfilelist",
			);
			name = "[CP] Embed Pods Frameworks";
			outputFileListPaths = (
				"${PODS_ROOT}/Target Support Files/Pods-ios11-using-rn/Pods-ios11-using-rn-frameworks-${CONFIGURATION}-output-files.xcfilelist",
			);
			runOnlyForDeploymentPostprocessing = 0;
			shellPath = /bin/sh;
			shellScript = "\"${PODS_ROOT}/Target Support Files/Pods-ios11-using-rn/Pods-ios11-using-rn-frameworks.sh\"\n";
			showEnvVarsInLog = 0;
		};
		CF0BBF3651899662E17DE208 /* [CP] Copy Pods Resources */ = {
			isa = PBXShellScriptBuildPhase;
			buildActionMask = 2147483647;
			files = (
			);
			inputFileListPaths = (
				"${PODS_ROOT}/Target Support Files/Pods-ios11-using-rn/Pods-ios11-using-rn-resources-${CONFIGURATION}-input-files.xcfilelist",
			);
			name = "[CP] Copy Pods Resources";
			outputFileListPaths = (
				"${PODS_ROOT}/Target Support Files/Pods-ios11-using-rn/Pods-ios11-using-rn-resources-${CONFIGURATION}-output-files.xcfilelist",
			);
			runOnlyForDeploymentPostprocessing = 0;
			shellPath = /bin/sh;
			shellScript = "\"${PODS_ROOT}/Target Support Files/Pods-ios11-using-rn/Pods-ios11-using-rn-resources.sh\"\n";
			showEnvVarsInLog = 0;
		};
		E4E312D4EBBAE9B7393EC830 /* [CP] Check Pods Manifest.lock */ = {
			isa = PBXShellScriptBuildPhase;
			buildActionMask = 2147483647;
			files = (
			);
			inputFileListPaths = (
			);
			inputPaths = (
				"${PODS_PODFILE_DIR_PATH}/Podfile.lock",
				"${PODS_ROOT}/Manifest.lock",
			);
			name = "[CP] Check Pods Manifest.lock";
			outputFileListPaths = (
			);
			outputPaths = (
				"$(DERIVED_FILE_DIR)/Pods-ios11-using-rn-checkManifestLockResult.txt",
			);
			runOnlyForDeploymentPostprocessing = 0;
			shellPath = /bin/sh;
			shellScript = "diff \"${PODS_PODFILE_DIR_PATH}/Podfile.lock\" \"${PODS_ROOT}/Manifest.lock\" > /dev/null\nif [ $? != 0 ] ; then\n    # print error to STDERR\n    echo \"error: The sandbox is not in sync with the Podfile.lock. Run 'pod install' or update your CocoaPods installation.\" >&2\n    exit 1\nfi\n# This output is used by Xcode 'outputs' to avoid re-running this script phase.\necho \"SUCCESS\" > \"${SCRIPT_OUTPUT_FILE_0}\"\n";
			showEnvVarsInLog = 0;
		};
/* End PBXShellScriptBuildPhase section */

/* Begin PBXSourcesBuildPhase section */
		B529276C2A82333900E3E970 /* Sources */ = {
			isa = PBXSourcesBuildPhase;
			buildActionMask = 2147483647;
			files = (
				B52927782A82333900E3E970 /* ViewController.swift in Sources */,
				B52927742A82333900E3E970 /* AppDelegate.swift in Sources */,
			);
			runOnlyForDeploymentPostprocessing = 0;
		};
/* End PBXSourcesBuildPhase section */

/* Begin PBXVariantGroup section */
		B52927792A82333900E3E970 /* Main.storyboard */ = {
			isa = PBXVariantGroup;
			children = (
				B529277A2A82333900E3E970 /* Base */,
			);
			name = Main.storyboard;
			sourceTree = "<group>";
		};
		B529277E2A82333A00E3E970 /* LaunchScreen.storyboard */ = {
			isa = PBXVariantGroup;
			children = (
				B529277F2A82333A00E3E970 /* Base */,
			);
			name = LaunchScreen.storyboard;
			sourceTree = "<group>";
		};
/* End PBXVariantGroup section */

/* Begin XCBuildConfiguration section */
		B52927822A82333A00E3E970 /* Debug */ = {
			isa = XCBuildConfiguration;
			buildSettings = {
				ALWAYS_SEARCH_USER_PATHS = NO;
				CLANG_ANALYZER_NONNULL = YES;
				CLANG_ANALYZER_NUMBER_OBJECT_CONVERSION = YES_AGGRESSIVE;
				CLANG_CXX_LANGUAGE_STANDARD = "gnu++20";
				CLANG_ENABLE_MODULES = YES;
				CLANG_ENABLE_OBJC_ARC = YES;
				CLANG_ENABLE_OBJC_WEAK = YES;
				CLANG_WARN_BLOCK_CAPTURE_AUTORELEASING = YES;
				CLANG_WARN_BOOL_CONVERSION = YES;
				CLANG_WARN_COMMA = YES;
				CLANG_WARN_CONSTANT_CONVERSION = YES;
				CLANG_WARN_DEPRECATED_OBJC_IMPLEMENTATIONS = YES;
				CLANG_WARN_DIRECT_OBJC_ISA_USAGE = YES_ERROR;
				CLANG_WARN_DOCUMENTATION_COMMENTS = YES;
				CLANG_WARN_EMPTY_BODY = YES;
				CLANG_WARN_ENUM_CONVERSION = YES;
				CLANG_WARN_INFINITE_RECURSION = YES;
				CLANG_WARN_INT_CONVERSION = YES;
				CLANG_WARN_NON_LITERAL_NULL_CONVERSION = YES;
				CLANG_WARN_OBJC_IMPLICIT_RETAIN_SELF = YES;
				CLANG_WARN_OBJC_LITERAL_CONVERSION = YES;
				CLANG_WARN_OBJC_ROOT_CLASS = YES_ERROR;
				CLANG_WARN_QUOTED_INCLUDE_IN_FRAMEWORK_HEADER = YES;
				CLANG_WARN_RANGE_LOOP_ANALYSIS = YES;
				CLANG_WARN_STRICT_PROTOTYPES = YES;
				CLANG_WARN_SUSPICIOUS_MOVE = YES;
				CLANG_WARN_UNGUARDED_AVAILABILITY = YES_AGGRESSIVE;
				CLANG_WARN_UNREACHABLE_CODE = YES;
				CLANG_WARN__DUPLICATE_METHOD_MATCH = YES;
				COPY_PHASE_STRIP = NO;
				DEBUG_INFORMATION_FORMAT = dwarf;
				ENABLE_STRICT_OBJC_MSGSEND = YES;
				ENABLE_TESTABILITY = YES;
				"EXCLUDED_ARCHS[sdk=iphonesimulator*]" = i386;
				GCC_C_LANGUAGE_STANDARD = gnu11;
				GCC_DYNAMIC_NO_PIC = NO;
				GCC_NO_COMMON_BLOCKS = YES;
				GCC_OPTIMIZATION_LEVEL = 0;
				GCC_PREPROCESSOR_DEFINITIONS = (
					"DEBUG=1",
					"$(inherited)",
				);
				GCC_WARN_64_TO_32_BIT_CONVERSION = YES;
				GCC_WARN_ABOUT_RETURN_TYPE = YES_ERROR;
				GCC_WARN_UNDECLARED_SELECTOR = YES;
				GCC_WARN_UNINITIALIZED_AUTOS = YES_AGGRESSIVE;
				GCC_WARN_UNUSED_FUNCTION = YES;
				GCC_WARN_UNUSED_VARIABLE = YES;
				IPHONEOS_DEPLOYMENT_TARGET = 11.0;
				MTL_ENABLE_DEBUG_INFO = INCLUDE_SOURCE;
				MTL_FAST_MATH = YES;
				ONLY_ACTIVE_ARCH = YES;
				SDKROOT = iphoneos;
				SWIFT_ACTIVE_COMPILATION_CONDITIONS = DEBUG;
				SWIFT_OPTIMIZATION_LEVEL = "-Onone";
			};
			name = Debug;
		};
		B52927832A82333A00E3E970 /* Release */ = {
			isa = XCBuildConfiguration;
			buildSettings = {
				ALWAYS_SEARCH_USER_PATHS = NO;
				CLANG_ANALYZER_NONNULL = YES;
				CLANG_ANALYZER_NUMBER_OBJECT_CONVERSION = YES_AGGRESSIVE;
				CLANG_CXX_LANGUAGE_STANDARD = "gnu++20";
				CLANG_ENABLE_MODULES = YES;
				CLANG_ENABLE_OBJC_ARC = YES;
				CLANG_ENABLE_OBJC_WEAK = YES;
				CLANG_WARN_BLOCK_CAPTURE_AUTORELEASING = YES;
				CLANG_WARN_BOOL_CONVERSION = YES;
				CLANG_WARN_COMMA = YES;
				CLANG_WARN_CONSTANT_CONVERSION = YES;
				CLANG_WARN_DEPRECATED_OBJC_IMPLEMENTATIONS = YES;
				CLANG_WARN_DIRECT_OBJC_ISA_USAGE = YES_ERROR;
				CLANG_WARN_DOCUMENTATION_COMMENTS = YES;
				CLANG_WARN_EMPTY_BODY = YES;
				CLANG_WARN_ENUM_CONVERSION = YES;
				CLANG_WARN_INFINITE_RECURSION = YES;
				CLANG_WARN_INT_CONVERSION = YES;
				CLANG_WARN_NON_LITERAL_NULL_CONVERSION = YES;
				CLANG_WARN_OBJC_IMPLICIT_RETAIN_SELF = YES;
				CLANG_WARN_OBJC_LITERAL_CONVERSION = YES;
				CLANG_WARN_OBJC_ROOT_CLASS = YES_ERROR;
				CLANG_WARN_QUOTED_INCLUDE_IN_FRAMEWORK_HEADER = YES;
				CLANG_WARN_RANGE_LOOP_ANALYSIS = YES;
				CLANG_WARN_STRICT_PROTOTYPES = YES;
				CLANG_WARN_SUSPICIOUS_MOVE = YES;
				CLANG_WARN_UNGUARDED_AVAILABILITY = YES_AGGRESSIVE;
				CLANG_WARN_UNREACHABLE_CODE = YES;
				CLANG_WARN__DUPLICATE_METHOD_MATCH = YES;
				COPY_PHASE_STRIP = NO;
				DEBUG_INFORMATION_FORMAT = "dwarf-with-dsym";
				ENABLE_NS_ASSERTIONS = NO;
				ENABLE_STRICT_OBJC_MSGSEND = YES;
				"EXCLUDED_ARCHS[sdk=iphonesimulator*]" = i386;
				GCC_C_LANGUAGE_STANDARD = gnu11;
				GCC_NO_COMMON_BLOCKS = YES;
				GCC_WARN_64_TO_32_BIT_CONVERSION = YES;
				GCC_WARN_ABOUT_RETURN_TYPE = YES_ERROR;
				GCC_WARN_UNDECLARED_SELECTOR = YES;
				GCC_WARN_UNINITIALIZED_AUTOS = YES_AGGRESSIVE;
				GCC_WARN_UNUSED_FUNCTION = YES;
				GCC_WARN_UNUSED_VARIABLE = YES;
				IPHONEOS_DEPLOYMENT_TARGET = 11.0;
				MTL_ENABLE_DEBUG_INFO = NO;
				MTL_FAST_MATH = YES;
				SDKROOT = iphoneos;
				SWIFT_COMPILATION_MODE = wholemodule;
				SWIFT_OPTIMIZATION_LEVEL = "-O";
				VALIDATE_PRODUCT = YES;
			};
			name = Release;
		};
		B52927852A82333A00E3E970 /* Debug */ = {
			isa = XCBuildConfiguration;
			baseConfigurationReference = 11B94F11A6281C61AAFCE47C /* Pods-ios11-using-rn.debug.xcconfig */;
			buildSettings = {
				ASSETCATALOG_COMPILER_APPICON_NAME = AppIcon;
				ASSETCATALOG_COMPILER_GLOBAL_ACCENT_COLOR_NAME = AccentColor;
				CODE_SIGN_STYLE = Automatic;
				CURRENT_PROJECT_VERSION = 1;
				GENERATE_INFOPLIST_FILE = YES;
				INFOPLIST_FILE = "ios11-using-rn/Info.plist";
				INFOPLIST_KEY_UIApplicationSupportsIndirectInputEvents = YES;
				INFOPLIST_KEY_UILaunchStoryboardName = Main.storyboard;
				INFOPLIST_KEY_UIMainStoryboardFile = Main;
				INFOPLIST_KEY_UISupportedInterfaceOrientations_iPad = "UIInterfaceOrientationPortrait UIInterfaceOrientationPortraitUpsideDown UIInterfaceOrientationLandscapeLeft UIInterfaceOrientationLandscapeRight";
				INFOPLIST_KEY_UISupportedInterfaceOrientations_iPhone = "UIInterfaceOrientationPortrait UIInterfaceOrientationLandscapeLeft UIInterfaceOrientationLandscapeRight";
				IPHONEOS_DEPLOYMENT_TARGET = 11.0;
				LD_RUNPATH_SEARCH_PATHS = (
					"$(inherited)",
					"@executable_path/Frameworks",
				);
				MARKETING_VERSION = 1.0;
				PRODUCT_BUNDLE_IDENTIFIER = "teguh.ios11-using-rn";
				PRODUCT_NAME = "$(TARGET_NAME)";
				SWIFT_EMIT_LOC_STRINGS = YES;
				SWIFT_VERSION = 5.0;
				TARGETED_DEVICE_FAMILY = "1,2";
			};
			name = Debug;
		};
		B52927862A82333A00E3E970 /* Release */ = {
			isa = XCBuildConfiguration;
			baseConfigurationReference = AE17D9B14070B5D9406BA70A /* Pods-ios11-using-rn.release.xcconfig */;
			buildSettings = {
				ASSETCATALOG_COMPILER_APPICON_NAME = AppIcon;
				ASSETCATALOG_COMPILER_GLOBAL_ACCENT_COLOR_NAME = AccentColor;
				CODE_SIGN_STYLE = Automatic;
				CURRENT_PROJECT_VERSION = 1;
				GENERATE_INFOPLIST_FILE = YES;
				INFOPLIST_FILE = "ios11-using-rn/Info.plist";
				INFOPLIST_KEY_UIApplicationSupportsIndirectInputEvents = YES;
				INFOPLIST_KEY_UILaunchStoryboardName = Main.storyboard;
				INFOPLIST_KEY_UIMainStoryboardFile = Main;
				INFOPLIST_KEY_UISupportedInterfaceOrientations_iPad = "UIInterfaceOrientationPortrait UIInterfaceOrientationPortraitUpsideDown UIInterfaceOrientationLandscapeLeft UIInterfaceOrientationLandscapeRight";
				INFOPLIST_KEY_UISupportedInterfaceOrientations_iPhone = "UIInterfaceOrientationPortrait UIInterfaceOrientationLandscapeLeft UIInterfaceOrientationLandscapeRight";
				IPHONEOS_DEPLOYMENT_TARGET = 11.0;
				LD_RUNPATH_SEARCH_PATHS = (
					"$(inherited)",
					"@executable_path/Frameworks",
				);
				MARKETING_VERSION = 1.0;
				PRODUCT_BUNDLE_IDENTIFIER = "teguh.ios11-using-rn";
				PRODUCT_NAME = "$(TARGET_NAME)";
				SWIFT_EMIT_LOC_STRINGS = YES;
				SWIFT_VERSION = 5.0;
				TARGETED_DEVICE_FAMILY = "1,2";
			};
			name = Release;
		};
/* End XCBuildConfiguration section */

/* Begin XCConfigurationList section */
		B529276B2A82333900E3E970 /* Build configuration list for PBXProject "ios11-using-rn" */ = {
			isa = XCConfigurationList;
			buildConfigurations = (
				B52927822A82333A00E3E970 /* Debug */,
				B52927832A82333A00E3E970 /* Release */,
			);
			defaultConfigurationIsVisible = 0;
			defaultConfigurationName = Release;
		};
		B52927842A82333A00E3E970 /* Build configuration list for PBXNativeTarget "ios11-using-rn" */ = {
			isa = XCConfigurationList;
			buildConfigurations = (
				B52927852A82333A00E3E970 /* Debug */,
				B52927862A82333A00E3E970 /* Release */,
			);
			defaultConfigurationIsVisible = 0;
			defaultConfigurationName = Release;
		};
/* End XCConfigurationList section */
	};
	rootObject = B52927682A82333900E3E970 /* Project object */;
}
